
Microsoft Visual Studio Solution File, Format Version 12.00
# Visual Studio Version 17
VisualStudioVersion = 17.12.35707.178
MinimumVisualStudioVersion = 10.0.40219.1
Project("{8BC9CEB8-8B4A-11D0-8D11-00A0C91BC942}") = "Project01", "Project01\Project01.vcxproj", "{57AA4F11-F638-43E9-874C-01807BFE1507}"
EndProject
Project("{8BC9CEB8-8B4A-11D0-8D11-00A0C91BC942}") = "Project02", "Project02\Project02.vcxproj", "{649A84F9-3CA3-4718-97B8-83951FCC7E3F}"
EndProject
Project("{8BC9CEB8-8B4A-11D0-8D11-00A0C91BC942}") = "Project03", "Project03\Project03.vcxproj", "{BCDFD4AF-13E8-4D4E-AB74-97787FA9FC0C}"
EndProject
Project("{8BC9CEB8-8B4A-11D0-8D11-00A0C91BC942}") = "Project04", "Project04\Project04.vcxproj", "{08AB0C8D-66B3-43FA-A58A-25F0CA95A8A6}"
EndProject
Project("{8BC9CEB8-8B4A-11D0-8D11-00A0C91BC942}") = "project05", "project05\project05.vcxproj", "{10A15BB3-C8B0-4B99-A234-1B96C3A90D90}"
EndProject
Project("{8BC9CEB8-8B4A-11D0-8D11-00A0C91BC942}") = "project06", "project06\project06.vcxproj", "{9C29E819-5B39-47CE-B28E-6EE8510C901A}"
EndProject
Global
	GlobalSection(SolutionConfigurationPlatforms) = preSolution
		Debug|x64 = Debug|x64
		Debug|x86 = Debug|x86
		Release|x64 = Release|x64
		Release|x86 = Release|x86
	EndGlobalSection
	GlobalSection(ProjectConfigurationPlatforms) = postSolution
		{57AA4F11-F638-43E9-874C-01807BFE1507}.Debug|x64.ActiveCfg = Debug|x64
		{57AA4F11-F638-43E9-874C-01807BFE1507}.Debug|x64.Build.0 = Debug|x64
		{57AA4F11-F638-43E9-874C-01807BFE1507}.Debug|x86.ActiveCfg = Debug|Win32
		{57AA4F11-F638-43E9-874C-01807BFE1507}.Debug|x86.Build.0 = Debug|Win32
		{57AA4F11-F638-43E9-874C-01807BFE1507}.Release|x64.ActiveCfg = Release|x64
		{57AA4F11-F638-43E9-874C-01807BFE1507}.Release|x64.Build.0 = Release|x64
		{57AA4F11-F638-43E9-874C-01807BFE1507}.Release|x86.ActiveCfg = Release|Win32
		{57AA4F11-F638-43E9-874C-01807BFE1507}.Release|x86.Build.0 = Release|Win32
		{649A84F9-3CA3-4718-97B8-83951FCC7E3F}.Debug|x64.ActiveCfg = Debug|x64
		{649A84F9-3CA3-4718-97B8-83951FCC7E3F}.Debug|x64.Build.0 = Debug|x64
		{649A84F9-3CA3-4718-97B8-83951FCC7E3F}.Debug|x86.ActiveCfg = Debug|Win32
		{649A84F9-3CA3-4718-97B8-83951FCC7E3F}.Debug|x86.Build.0 = Debug|Win32
		{649A84F9-3CA3-4718-97B8-83951FCC7E3F}.Release|x64.ActiveCfg = Release|x64
		{649A84F9-3CA3-4718-97B8-83951FCC7E3F}.Release|x64.Build.0 = Release|x64
		{649A84F9-3CA3-4718-97B8-83951FCC7E3F}.Release|x86.ActiveCfg = Release|Win32
		{649A84F9-3CA3-4718-97B8-83951FCC7E3F}.Release|x86.Build.0 = Release|Win32
		{BCDFD4AF-13E8-4D4E-AB74-97787FA9FC0C}.Debug|x64.ActiveCfg = Debug|x64
		{BCDFD4AF-13E8-4D4E-AB74-97787FA9FC0C}.Debug|x64.Build.0 = Debug|x64
		{BCDFD4AF-13E8-4D4E-AB74-97787FA9FC0C}.Debug|x86.ActiveCfg = Debug|Win32
		{BCDFD4AF-13E8-4D4E-AB74-97787FA9FC0C}.Debug|x86.Build.0 = Debug|Win32
		{BCDFD4AF-13E8-4D4E-AB74-97787FA9FC0C}.Release|x64.ActiveCfg = Release|x64
		{BCDFD4AF-13E8-4D4E-AB74-97787FA9FC0C}.Release|x64.Build.0 = Release|x64
		{BCDFD4AF-13E8-4D4E-AB74-97787FA9FC0C}.Release|x86.ActiveCfg = Release|Win32
		{BCDFD4AF-13E8-4D4E-AB74-97787FA9FC0C}.Release|x86.Build.0 = Release|Win32
		{08AB0C8D-66B3-43FA-A58A-25F0CA95A8A6}.Debug|x64.ActiveCfg = Debug|x64
		{08AB0C8D-66B3-43FA-A58A-25F0CA95A8A6}.Debug|x64.Build.0 = Debug|x64
		{08AB0C8D-66B3-43FA-A58A-25F0CA95A8A6}.Debug|x86.ActiveCfg = Debug|Win32
		{08AB0C8D-66B3-43FA-A58A-25F0CA95A8A6}.Debug|x86.Build.0 = Debug|Win32
		{08AB0C8D-66B3-43FA-A58A-25F0CA95A8A6}.Release|x64.ActiveCfg = Release|x64
		{08AB0C8D-66B3-43FA-A58A-25F0CA95A8A6}.Release|x64.Build.0 = Release|x64
		{08AB0C8D-66B3-43FA-A58A-25F0CA95A8A6}.Release|x86.ActiveCfg = Release|Win32
		{08AB0C8D-66B3-43FA-A58A-25F0CA95A8A6}.Release|x86.Build.0 = Release|Win32
		{10A15BB3-C8B0-4B99-A234-1B96C3A90D90}.Debug|x64.ActiveCfg = Debug|x64
		{10A15BB3-C8B0-4B99-A234-1B96C3A90D90}.Debug|x64.Build.0 = Debug|x64
		{10A15BB3-C8B0-4B99-A234-1B96C3A90D90}.Debug|x86.ActiveCfg = Debug|Win32
		{10A15BB3-C8B0-4B99-A234-1B96C3A90D90}.Debug|x86.Build.0 = Debug|Win32
		{10A15BB3-C8B0-4B99-A234-1B96C3A90D90}.Release|x64.ActiveCfg = Release|x64
		{10A15BB3-C8B0-4B99-A234-1B96C3A90D90}.Release|x64.Build.0 = Release|x64
		{10A15BB3-C8B0-4B99-A234-1B96C3A90D90}.Release|x86.ActiveCfg = Release|Win32
		{10A15BB3-C8B0-4B99-A234-1B96C3A90D90}.Release|x86.Build.0 = Release|Win32
		{9C29E819-5B39-47CE-B28E-6EE8510C901A}.Debug|x64.ActiveCfg = Debug|x64
		{9C29E819-5B39-47CE-B28E-6EE8510C901A}.Debug|x64.Build.0 = Debug|x64
		{9C29E819-5B39-47CE-B28E-6EE8510C901A}.Debug|x86.ActiveCfg = Debug|Win32
		{9C29E819-5B39-47CE-B28E-6EE8510C901A}.Debug|x86.Build.0 = Debug|Win32
		{9C29E819-5B39-47CE-B28E-6EE8510C901A}.Release|x64.ActiveCfg = Release|x64
		{9C29E819-5B39-47CE-B28E-6EE8510C901A}.Release|x64.Build.0 = Release|x64
		{9C29E819-5B39-47CE-B28E-6EE8510C901A}.Release|x86.ActiveCfg = Release|Win32
		{9C29E819-5B39-47CE-B28E-6EE8510C901A}.Release|x86.Build.0 = Release|Win32
	EndGlobalSection
	GlobalSection(SolutionProperties) = preSolution
		HideSolutionNode = FALSE
	EndGlobalSection
	GlobalSection(ExtensibilityGlobals) = postSolution
		SolutionGuid = {318FC37D-E940-4BC4-BE6F-E904FCEE7770}
	EndGlobalSection
EndGlobal
